
Microsoft Visual Studio Solution File, Format Version 12.00
# Visual Studio 15
VisualStudioVersion = 15.0.27703.2000
MinimumVisualStudioVersion = 10.0.40219.1
Project("{FAE04EC0-301F-11D3-BF4B-00C04F79EFBC}") = "Lab_06", "Lab_06\Lab_06.csproj", "{31E29AE0-4AC7-4DC1-9048-22ACB211243F}"
EndProject
Project("{FAE04EC0-301F-11D3-BF4B-00C04F79EFBC}") = "Lab_07", "Lab_07\Lab_07.csproj", "{4266DD11-AC41-4DAC-9F5E-CE88CA81AEF5}"
EndProject
Project("{FAE04EC0-301F-11D3-BF4B-00C04F79EFBC}") = "Lab_08", "Lab_08\Lab_08.csproj", "{1C214B04-EFF5-41F9-908A-37B629A3200C}"
EndProject
Project("{FAE04EC0-301F-11D3-BF4B-00C04F79EFBC}") = "Lab_09", "Lab_09\Lab_09.csproj", "{64EA4BD6-DB58-4B93-A9C4-DC3867097D82}"
EndProject
Project("{FAE04EC0-301F-11D3-BF4B-00C04F79EFBC}") = "Lab_10", "Lab_10\Lab_10.csproj", "{15F6B3C1-59B4-481C-AB40-6DE6928DCCAA}"
EndProject
Project("{FAE04EC0-301F-11D3-BF4B-00C04F79EFBC}") = "Lab_11", "Lab_11\Lab_11.csproj", "{5EAD8120-8261-4587-B012-BBA1800011FA}"
EndProject
Project("{FAE04EC0-301F-11D3-BF4B-00C04F79EFBC}") = "Lab_12", "Lab_12\Lab_12.csproj", "{6AF291B1-FC1C-45C7-83F6-9094187EFB02}"
EndProject
Project("{FAE04EC0-301F-11D3-BF4B-00C04F79EFBC}") = "Lab_02", "Lab_02\Lab_02.csproj", "{A87E94A6-FB73-49C9-ACB3-2094CDECA3F8}"
EndProject
Project("{FAE04EC0-301F-11D3-BF4B-00C04F79EFBC}") = "Lab_04", "Lab_04\Lab_04.csproj", "{AA761433-6D20-463C-8EE8-74674D323D18}"
EndProject
Project("{FAE04EC0-301F-11D3-BF4B-00C04F79EFBC}") = "Lab_03", "Lab_03\Lab_03.csproj", "{2D5C6BED-E0CD-4B5A-8FCC-DFBA77758A77}"
EndProject
Project("{FAE04EC0-301F-11D3-BF4B-00C04F79EFBC}") = "Lab_05", "Lab_05\Lab_05.csproj", "{F87BD055-39B4-457E-A299-994DEF8E0F1C}"
EndProject
Project("{FAE04EC0-301F-11D3-BF4B-00C04F79EFBC}") = "Lab_13", "Lab_13\Lab_13.csproj", "{8883134D-34EF-4E5D-9D2A-4161A9DBE5C7}"
EndProject
Project("{FAE04EC0-301F-11D3-BF4B-00C04F79EFBC}") = "Lab_14", "Lab_14\Lab_14.csproj", "{2E7FCC7F-64D8-4361-8C17-9297EC24EAF5}"
EndProject
Project("{FAE04EC0-301F-11D3-BF4B-00C04F79EFBC}") = "Lab_14_Library", "Lab_14_Library\Lab_14_Library.csproj", "{D915492A-FB2A-4F59-A585-F11C949CE930}"
EndProject
Project("{FAE04EC0-301F-11D3-BF4B-00C04F79EFBC}") = "Lab_15_Library", "Lab_15_Library\Lab_15_Library.csproj", "{1578F983-E322-40A7-8BA8-4CB0CDC5EBB1}"
EndProject
Project("{FAE04EC0-301F-11D3-BF4B-00C04F79EFBC}") = "Lab_15_Unit_Test", "Lab_15_Unit_Test\Lab_15_Unit_Test.csproj", "{8269E901-C0B5-4F13-B1B4-5FDCF33D1B15}"
EndProject
Project("{FAE04EC0-301F-11D3-BF4B-00C04F79EFBC}") = "Lab_16", "Lab_16\Lab_16.csproj", "{01497056-A631-4EE3-8CA3-20A54384EE10}"
EndProject
Project("{FAE04EC0-301F-11D3-BF4B-00C04F79EFBC}") = "Lab_16_a)", "Lab_16_a)\Lab_16_a).csproj", "{AFC24A38-BA93-4D14-BBC9-60C6F7EE1BF0}"
EndProject
Project("{FAE04EC0-301F-11D3-BF4B-00C04F79EFBC}") = "Lab_17", "Lab_17\Lab_17.csproj", "{DFC8E2B8-768C-4869-9CE3-7F7194C2310E}"
EndProject
Project("{FAE04EC0-301F-11D3-BF4B-00C04F79EFBC}") = "Lab_18", "Lab_18\Lab_18.csproj", "{93C19DFE-3FB6-432C-AB20-717F8DA9C8CF}"
EndProject
Project("{FAE04EC0-301F-11D3-BF4B-00C04F79EFBC}") = "Lab_19", "Lab_19\Lab_19.csproj", "{8240DC11-B6E8-4C88-917C-2D121997F106}"
EndProject
Project("{FAE04EC0-301F-11D3-BF4B-00C04F79EFBC}") = "Lab_20", "Lab_20\Lab_20.csproj", "{06AA05FA-AD94-47EC-ADE3-1A92A3317FFD}"
EndProject
Project("{FAE04EC0-301F-11D3-BF4B-00C04F79EFBC}") = "Lab_21", "Lab_21\Lab_21.csproj", "{9C02EA0D-56E9-4632-8F47-A9357DD38B88}"
EndProject
Project("{FAE04EC0-301F-11D3-BF4B-00C04F79EFBC}") = "Lab_22", "Lab_22\Lab_22.csproj", "{642AA59E-936E-4B31-836D-A58D54CB132E}"
EndProject
Global
	GlobalSection(SolutionConfigurationPlatforms) = preSolution
		Debug|Any CPU = Debug|Any CPU
		Release|Any CPU = Release|Any CPU
	EndGlobalSection
	GlobalSection(ProjectConfigurationPlatforms) = postSolution
		{31E29AE0-4AC7-4DC1-9048-22ACB211243F}.Debug|Any CPU.ActiveCfg = Debug|Any CPU
		{31E29AE0-4AC7-4DC1-9048-22ACB211243F}.Debug|Any CPU.Build.0 = Debug|Any CPU
		{31E29AE0-4AC7-4DC1-9048-22ACB211243F}.Release|Any CPU.ActiveCfg = Release|Any CPU
		{31E29AE0-4AC7-4DC1-9048-22ACB211243F}.Release|Any CPU.Build.0 = Release|Any CPU
		{4266DD11-AC41-4DAC-9F5E-CE88CA81AEF5}.Debug|Any CPU.ActiveCfg = Debug|Any CPU
		{4266DD11-AC41-4DAC-9F5E-CE88CA81AEF5}.Debug|Any CPU.Build.0 = Debug|Any CPU
		{4266DD11-AC41-4DAC-9F5E-CE88CA81AEF5}.Release|Any CPU.ActiveCfg = Release|Any CPU
		{4266DD11-AC41-4DAC-9F5E-CE88CA81AEF5}.Release|Any CPU.Build.0 = Release|Any CPU
		{1C214B04-EFF5-41F9-908A-37B629A3200C}.Debug|Any CPU.ActiveCfg = Debug|Any CPU
		{1C214B04-EFF5-41F9-908A-37B629A3200C}.Debug|Any CPU.Build.0 = Debug|Any CPU
		{1C214B04-EFF5-41F9-908A-37B629A3200C}.Release|Any CPU.ActiveCfg = Release|Any CPU
		{1C214B04-EFF5-41F9-908A-37B629A3200C}.Release|Any CPU.Build.0 = Release|Any CPU
		{64EA4BD6-DB58-4B93-A9C4-DC3867097D82}.Debug|Any CPU.ActiveCfg = Debug|Any CPU
		{64EA4BD6-DB58-4B93-A9C4-DC3867097D82}.Debug|Any CPU.Build.0 = Debug|Any CPU
		{64EA4BD6-DB58-4B93-A9C4-DC3867097D82}.Release|Any CPU.ActiveCfg = Release|Any CPU
		{64EA4BD6-DB58-4B93-A9C4-DC3867097D82}.Release|Any CPU.Build.0 = Release|Any CPU
		{15F6B3C1-59B4-481C-AB40-6DE6928DCCAA}.Debug|Any CPU.ActiveCfg = Debug|Any CPU
		{15F6B3C1-59B4-481C-AB40-6DE6928DCCAA}.Debug|Any CPU.Build.0 = Debug|Any CPU
		{15F6B3C1-59B4-481C-AB40-6DE6928DCCAA}.Release|Any CPU.ActiveCfg = Release|Any CPU
		{15F6B3C1-59B4-481C-AB40-6DE6928DCCAA}.Release|Any CPU.Build.0 = Release|Any CPU
		{5EAD8120-8261-4587-B012-BBA1800011FA}.Debug|Any CPU.ActiveCfg = Debug|Any CPU
		{5EAD8120-8261-4587-B012-BBA1800011FA}.Debug|Any CPU.Build.0 = Debug|Any CPU
		{5EAD8120-8261-4587-B012-BBA1800011FA}.Release|Any CPU.ActiveCfg = Release|Any CPU
		{5EAD8120-8261-4587-B012-BBA1800011FA}.Release|Any CPU.Build.0 = Release|Any CPU
		{6AF291B1-FC1C-45C7-83F6-9094187EFB02}.Debug|Any CPU.ActiveCfg = Debug|Any CPU
		{6AF291B1-FC1C-45C7-83F6-9094187EFB02}.Debug|Any CPU.Build.0 = Debug|Any CPU
		{6AF291B1-FC1C-45C7-83F6-9094187EFB02}.Release|Any CPU.ActiveCfg = Release|Any CPU
		{6AF291B1-FC1C-45C7-83F6-9094187EFB02}.Release|Any CPU.Build.0 = Release|Any CPU
		{A87E94A6-FB73-49C9-ACB3-2094CDECA3F8}.Debug|Any CPU.ActiveCfg = Debug|Any CPU
		{A87E94A6-FB73-49C9-ACB3-2094CDECA3F8}.Debug|Any CPU.Build.0 = Debug|Any CPU
		{A87E94A6-FB73-49C9-ACB3-2094CDECA3F8}.Release|Any CPU.ActiveCfg = Release|Any CPU
		{A87E94A6-FB73-49C9-ACB3-2094CDECA3F8}.Release|Any CPU.Build.0 = Release|Any CPU
		{AA761433-6D20-463C-8EE8-74674D323D18}.Debug|Any CPU.ActiveCfg = Debug|Any CPU
		{AA761433-6D20-463C-8EE8-74674D323D18}.Debug|Any CPU.Build.0 = Debug|Any CPU
		{AA761433-6D20-463C-8EE8-74674D323D18}.Release|Any CPU.ActiveCfg = Release|Any CPU
		{AA761433-6D20-463C-8EE8-74674D323D18}.Release|Any CPU.Build.0 = Release|Any CPU
		{2D5C6BED-E0CD-4B5A-8FCC-DFBA77758A77}.Debug|Any CPU.ActiveCfg = Debug|Any CPU
		{2D5C6BED-E0CD-4B5A-8FCC-DFBA77758A77}.Debug|Any CPU.Build.0 = Debug|Any CPU
		{2D5C6BED-E0CD-4B5A-8FCC-DFBA77758A77}.Release|Any CPU.ActiveCfg = Release|Any CPU
		{2D5C6BED-E0CD-4B5A-8FCC-DFBA77758A77}.Release|Any CPU.Build.0 = Release|Any CPU
		{F87BD055-39B4-457E-A299-994DEF8E0F1C}.Debug|Any CPU.ActiveCfg = Debug|Any CPU
		{F87BD055-39B4-457E-A299-994DEF8E0F1C}.Debug|Any CPU.Build.0 = Debug|Any CPU
		{F87BD055-39B4-457E-A299-994DEF8E0F1C}.Release|Any CPU.ActiveCfg = Release|Any CPU
		{F87BD055-39B4-457E-A299-994DEF8E0F1C}.Release|Any CPU.Build.0 = Release|Any CPU
		{8883134D-34EF-4E5D-9D2A-4161A9DBE5C7}.Debug|Any CPU.ActiveCfg = Debug|Any CPU
		{8883134D-34EF-4E5D-9D2A-4161A9DBE5C7}.Debug|Any CPU.Build.0 = Debug|Any CPU
		{8883134D-34EF-4E5D-9D2A-4161A9DBE5C7}.Release|Any CPU.ActiveCfg = Release|Any CPU
		{8883134D-34EF-4E5D-9D2A-4161A9DBE5C7}.Release|Any CPU.Build.0 = Release|Any CPU
		{2E7FCC7F-64D8-4361-8C17-9297EC24EAF5}.Debug|Any CPU.ActiveCfg = Debug|Any CPU
		{2E7FCC7F-64D8-4361-8C17-9297EC24EAF5}.Debug|Any CPU.Build.0 = Debug|Any CPU
		{2E7FCC7F-64D8-4361-8C17-9297EC24EAF5}.Release|Any CPU.ActiveCfg = Release|Any CPU
		{2E7FCC7F-64D8-4361-8C17-9297EC24EAF5}.Release|Any CPU.Build.0 = Release|Any CPU
		{D915492A-FB2A-4F59-A585-F11C949CE930}.Debug|Any CPU.ActiveCfg = Debug|Any CPU
		{D915492A-FB2A-4F59-A585-F11C949CE930}.Debug|Any CPU.Build.0 = Debug|Any CPU
		{D915492A-FB2A-4F59-A585-F11C949CE930}.Release|Any CPU.ActiveCfg = Release|Any CPU
		{D915492A-FB2A-4F59-A585-F11C949CE930}.Release|Any CPU.Build.0 = Release|Any CPU
		{1578F983-E322-40A7-8BA8-4CB0CDC5EBB1}.Debug|Any CPU.ActiveCfg = Debug|Any CPU
		{1578F983-E322-40A7-8BA8-4CB0CDC5EBB1}.Debug|Any CPU.Build.0 = Debug|Any CPU
		{1578F983-E322-40A7-8BA8-4CB0CDC5EBB1}.Release|Any CPU.ActiveCfg = Release|Any CPU
		{1578F983-E322-40A7-8BA8-4CB0CDC5EBB1}.Release|Any CPU.Build.0 = Release|Any CPU
		{8269E901-C0B5-4F13-B1B4-5FDCF33D1B15}.Debug|Any CPU.ActiveCfg = Debug|Any CPU
		{8269E901-C0B5-4F13-B1B4-5FDCF33D1B15}.Debug|Any CPU.Build.0 = Debug|Any CPU
		{8269E901-C0B5-4F13-B1B4-5FDCF33D1B15}.Release|Any CPU.ActiveCfg = Release|Any CPU
		{8269E901-C0B5-4F13-B1B4-5FDCF33D1B15}.Release|Any CPU.Build.0 = Release|Any CPU
		{01497056-A631-4EE3-8CA3-20A54384EE10}.Debug|Any CPU.ActiveCfg = Debug|Any CPU
		{01497056-A631-4EE3-8CA3-20A54384EE10}.Debug|Any CPU.Build.0 = Debug|Any CPU
		{01497056-A631-4EE3-8CA3-20A54384EE10}.Release|Any CPU.ActiveCfg = Release|Any CPU
		{01497056-A631-4EE3-8CA3-20A54384EE10}.Release|Any CPU.Build.0 = Release|Any CPU
		{AFC24A38-BA93-4D14-BBC9-60C6F7EE1BF0}.Debug|Any CPU.ActiveCfg = Debug|Any CPU
		{AFC24A38-BA93-4D14-BBC9-60C6F7EE1BF0}.Debug|Any CPU.Build.0 = Debug|Any CPU
		{AFC24A38-BA93-4D14-BBC9-60C6F7EE1BF0}.Release|Any CPU.ActiveCfg = Release|Any CPU
		{AFC24A38-BA93-4D14-BBC9-60C6F7EE1BF0}.Release|Any CPU.Build.0 = Release|Any CPU
		{DFC8E2B8-768C-4869-9CE3-7F7194C2310E}.Debug|Any CPU.ActiveCfg = Debug|Any CPU
		{DFC8E2B8-768C-4869-9CE3-7F7194C2310E}.Debug|Any CPU.Build.0 = Debug|Any CPU
		{DFC8E2B8-768C-4869-9CE3-7F7194C2310E}.Release|Any CPU.ActiveCfg = Release|Any CPU
		{DFC8E2B8-768C-4869-9CE3-7F7194C2310E}.Release|Any CPU.Build.0 = Release|Any CPU
		{93C19DFE-3FB6-432C-AB20-717F8DA9C8CF}.Debug|Any CPU.ActiveCfg = Debug|Any CPU
		{93C19DFE-3FB6-432C-AB20-717F8DA9C8CF}.Debug|Any CPU.Build.0 = Debug|Any CPU
		{93C19DFE-3FB6-432C-AB20-717F8DA9C8CF}.Release|Any CPU.ActiveCfg = Release|Any CPU
		{93C19DFE-3FB6-432C-AB20-717F8DA9C8CF}.Release|Any CPU.Build.0 = Release|Any CPU
		{8240DC11-B6E8-4C88-917C-2D121997F106}.Debug|Any CPU.ActiveCfg = Debug|Any CPU
		{8240DC11-B6E8-4C88-917C-2D121997F106}.Debug|Any CPU.Build.0 = Debug|Any CPU
		{8240DC11-B6E8-4C88-917C-2D121997F106}.Release|Any CPU.ActiveCfg = Release|Any CPU
		{8240DC11-B6E8-4C88-917C-2D121997F106}.Release|Any CPU.Build.0 = Release|Any CPU
		{06AA05FA-AD94-47EC-ADE3-1A92A3317FFD}.Debug|Any CPU.ActiveCfg = Debug|Any CPU
		{06AA05FA-AD94-47EC-ADE3-1A92A3317FFD}.Debug|Any CPU.Build.0 = Debug|Any CPU
		{06AA05FA-AD94-47EC-ADE3-1A92A3317FFD}.Release|Any CPU.ActiveCfg = Release|Any CPU
		{06AA05FA-AD94-47EC-ADE3-1A92A3317FFD}.Release|Any CPU.Build.0 = Release|Any CPU
		{9C02EA0D-56E9-4632-8F47-A9357DD38B88}.Debug|Any CPU.ActiveCfg = Debug|Any CPU
		{9C02EA0D-56E9-4632-8F47-A9357DD38B88}.Debug|Any CPU.Build.0 = Debug|Any CPU
		{9C02EA0D-56E9-4632-8F47-A9357DD38B88}.Release|Any CPU.ActiveCfg = Release|Any CPU
		{9C02EA0D-56E9-4632-8F47-A9357DD38B88}.Release|Any CPU.Build.0 = Release|Any CPU
		{642AA59E-936E-4B31-836D-A58D54CB132E}.Debug|Any CPU.ActiveCfg = Debug|Any CPU
		{642AA59E-936E-4B31-836D-A58D54CB132E}.Debug|Any CPU.Build.0 = Debug|Any CPU
		{642AA59E-936E-4B31-836D-A58D54CB132E}.Release|Any CPU.ActiveCfg = Release|Any CPU
		{642AA59E-936E-4B31-836D-A58D54CB132E}.Release|Any CPU.Build.0 = Release|Any CPU
	EndGlobalSection
	GlobalSection(SolutionProperties) = preSolution
		HideSolutionNode = FALSE
	EndGlobalSection
	GlobalSection(ExtensibilityGlobals) = postSolution
		SolutionGuid = {6E2F653B-19E6-4B46-8FBC-5B0DA2B437F6}
	EndGlobalSection
EndGlobal
