
Microsoft Visual Studio Solution File, Format Version 12.00
# Visual Studio 15
VisualStudioVersion = 15.0.27703.2042
MinimumVisualStudioVersion = 10.0.40219.1
Project("{FAE04EC0-301F-11D3-BF4B-00C04F79EFBC}") = "Test_01", "Test_01\Test_01.csproj", "{54297EB0-3A82-44C8-B955-DEC4F116F9B9}"
EndProject
Global
	GlobalSection(SolutionConfigurationPlatforms) = preSolution
		Debug|Any CPU = Debug|Any CPU
		Release|Any CPU = Release|Any CPU
	EndGlobalSection
	GlobalSection(ProjectConfigurationPlatforms) = postSolution
		{54297EB0-3A82-44C8-B955-DEC4F116F9B9}.Debug|Any CPU.ActiveCfg = Debug|Any CPU
		{54297EB0-3A82-44C8-B955-DEC4F116F9B9}.Debug|Any CPU.Build.0 = Debug|Any CPU
		{54297EB0-3A82-44C8-B955-DEC4F116F9B9}.Release|Any CPU.ActiveCfg = Release|Any CPU
		{54297EB0-3A82-44C8-B955-DEC4F116F9B9}.Release|Any CPU.Build.0 = Release|Any CPU
	EndGlobalSection
	GlobalSection(SolutionProperties) = preSolution
		HideSolutionNode = FALSE
	EndGlobalSection
	GlobalSection(ExtensibilityGlobals) = postSolution
		SolutionGuid = {F9CF98FC-2577-4C0F-B1AD-76B5ED2CD8FC}
	EndGlobalSection
EndGlobal
