
Microsoft Visual Studio Solution File, Format Version 12.00
# Visual Studio 15
VisualStudioVersion = 15.0.27703.2042
MinimumVisualStudioVersion = 10.0.40219.1
Project("{FAE04EC0-301F-11D3-BF4B-00C04F79EFBC}") = "BankSample", "BankSample\BankSample.csproj", "{ED2DF023-86A7-48F1-A6E2-D30780C36EB7}"
EndProject
Global
	GlobalSection(SolutionConfigurationPlatforms) = preSolution
		Debug|Any CPU = Debug|Any CPU
		Release|Any CPU = Release|Any CPU
	EndGlobalSection
	GlobalSection(ProjectConfigurationPlatforms) = postSolution
		{ED2DF023-86A7-48F1-A6E2-D30780C36EB7}.Debug|Any CPU.ActiveCfg = Debug|Any CPU
		{ED2DF023-86A7-48F1-A6E2-D30780C36EB7}.Debug|Any CPU.Build.0 = Debug|Any CPU
		{ED2DF023-86A7-48F1-A6E2-D30780C36EB7}.Release|Any CPU.ActiveCfg = Release|Any CPU
		{ED2DF023-86A7-48F1-A6E2-D30780C36EB7}.Release|Any CPU.Build.0 = Release|Any CPU
	EndGlobalSection
	GlobalSection(SolutionProperties) = preSolution
		HideSolutionNode = FALSE
	EndGlobalSection
	GlobalSection(ExtensibilityGlobals) = postSolution
		SolutionGuid = {E2CD150C-06BA-4F43-96BF-FD3E66EC96EE}
	EndGlobalSection
EndGlobal
